{
  "pins" : [
    {
      "identity" : "coreui",
      "kind" : "remoteSourceControl",
      "location" : "https://github.com/luma-ai-team/CoreUI",
      "state" : {
        "revision" : "495fea846648cd4ed66eec443a4cb632102c97ed",
        "version" : "1.0.0"
      }
    },
    {
      "identity" : "permissionkit",
      "kind" : "remoteSourceControl",
      "location" : "https://github.com/luma-ai-team/PermissionKit",
      "state" : {
        "revision" : "05a38822b23638d459b4dbbaf1b00dc05887c2fa",
        "version" : "1.0.0"
      }
    },
    {
      "identity" : "sdwebimage",
      "kind" : "remoteSourceControl",
      "location" : "https://github.com/SDWebImage/SDWebImage.git",
      "state" : {
        "revision" : "936f1c7067728d16c362ba4fb93c17df78b5fd79",
        "version" : "5.18.2"
      }
    }
  ],
  "version" : 2
}
